
Microsoft Visual Studio Solution File, Format Version 12.00
# Visual Studio Version 17
VisualStudioVersion = 17.7.34031.279
MinimumVisualStudioVersion = 10.0.40219.1
Project("{FAE04EC0-301F-11D3-BF4B-00C04F79EFBC}") = "ExamTetris", "ExamTetris\ExamTetris.csproj", "{089A6136-B751-451C-B5EA-6BE4E3B137D8}"
EndProject
Global
	GlobalSection(SolutionConfigurationPlatforms) = preSolution
		Debug|Any CPU = Debug|Any CPU
		Release|Any CPU = Release|Any CPU
	EndGlobalSection
	GlobalSection(ProjectConfigurationPlatforms) = postSolution
		{089A6136-B751-451C-B5EA-6BE4E3B137D8}.Debug|Any CPU.ActiveCfg = Debug|Any CPU
		{089A6136-B751-451C-B5EA-6BE4E3B137D8}.Debug|Any CPU.Build.0 = Debug|Any CPU
		{089A6136-B751-451C-B5EA-6BE4E3B137D8}.Release|Any CPU.ActiveCfg = Release|Any CPU
		{089A6136-B751-451C-B5EA-6BE4E3B137D8}.Release|Any CPU.Build.0 = Release|Any CPU
	EndGlobalSection
	GlobalSection(SolutionProperties) = preSolution
		HideSolutionNode = FALSE
	EndGlobalSection
	GlobalSection(ExtensibilityGlobals) = postSolution
		SolutionGuid = {6CCC02FF-CDE7-46B1-B703-1BD7018C0A7A}
	EndGlobalSection
EndGlobal
